github.com/andygrunwald/vdf v1.0.0 h1:2HuC85EVF1Sm1bwKH8tiyucny2qzf9GSjB3flsdqoM4=
github.com/andygrunwald/vdf v1.0.0/go.mod h1:qi5jZfY3lrHXbibKeC2MCEge1tOsLODBgOHoS+RbRLk=
golang.org/x/arch v0.0.0-20191126211547-368ea8f32fff h1:k/MrR0lKiCokRu1JUDDAWhWZinfBAOZRzz3LkPOkFMs=
golang.org/x/arch v0.0.0-20191126211547-368ea8f32fff/go.mod h1:flIaEI6LNU6xOCD5PaJvn9wGP0agmIOqjrtsKGRguv4=
rsc.io/pdf v0.1.1/go.mod h1:n8OzWcQ6Sp37PL01nO98y4iUCRdTGarVfzxY20ICaU4=
